// !$*UTF8*$!
{
	archiveVersion = 1;
	classes = {
	};
	objectVersion = 55;
	objects = {

/* Begin PBXBuildFile section */
		64BB64362A02A3D6009FBE2D /* __swift_tabviewApp.swift in Sources */ = {isa = PBXBuildFile; fileRef = 64BB64262A02A3D2009FBE2D /* __swift_tabviewApp.swift */; };
		64BB64372A02A3D6009FBE2D /* __swift_tabviewApp.swift in Sources */ = {isa = PBXBuildFile; fileRef = 64BB64262A02A3D2009FBE2D /* __swift_tabviewApp.swift */; };
		64BB64382A02A3D6009FBE2D /* ContentView.swift in Sources */ = {isa = PBXBuildFile; fileRef = 64BB64272A02A3D2009FBE2D /* ContentView.swift */; };
		64BB64392A02A3D6009FBE2D /* ContentView.swift in Sources */ = {isa = PBXBuildFile; fileRef = 64BB64272A02A3D2009FBE2D /* ContentView.swift */; };
		64BB643A2A02A3D6009FBE2D /* Assets.xcassets in Resources */ = {isa = PBXBuildFile; fileRef = 64BB64282A02A3D6009FBE2D /* Assets.xcassets */; };
		64BB643B2A02A3D6009FBE2D /* Assets.xcassets in Resources */ = {isa = PBXBuildFile; fileRef = 64BB64282A02A3D6009FBE2D /* Assets.xcassets */; };
/* End PBXBuildFile section */

/* Begin PBXFileReference section */
		64BB64262A02A3D2009FBE2D /* __swift_tabviewApp.swift */ = {isa = PBXFileReference; lastKnownFileType = sourcecode.swift; path = __swift_tabviewApp.swift; sourceTree = "<group>"; };
		64BB64272A02A3D2009FBE2D /* ContentView.swift */ = {isa = PBXFileReference; lastKnownFileType = sourcecode.swift; path = ContentView.swift; sourceTree = "<group>"; };
		64BB64282A02A3D6009FBE2D /* Assets.xcassets */ = {isa = PBXFileReference; lastKnownFileType = folder.assetcatalog; path = Assets.xcassets; sourceTree = "<group>"; };
		64BB642D2A02A3D6009FBE2D /* 2-swift-tabview.app */ = {isa = PBXFileReference; explicitFileType = wrapper.application; includeInIndex = 0; path = "2-swift-tabview.app"; sourceTree = BUILT_PRODUCTS_DIR; };
		64BB64332A02A3D6009FBE2D /* 2-swift-tabview.app */ = {isa = PBXFileReference; explicitFileType = wrapper.application; includeInIndex = 0; path = "2-swift-tabview.app"; sourceTree = BUILT_PRODUCTS_DIR; };
		64BB64352A02A3D6009FBE2D /* macOS.entitlements */ = {isa = PBXFileReference; lastKnownFileType = text.plist.entitlements; path = macOS.entitlements; sourceTree = "<group>"; };
/* End PBXFileReference section */

/* Begin PBXFrameworksBuildPhase section */
		64BB642A2A02A3D6009FBE2D /* Frameworks */ = {
			isa = PBXFrameworksBuildPhase;
			buildActionMask = 2147483647;
			files = (
			);
			runOnlyForDeploymentPostprocessing = 0;
		};
		64BB64302A02A3D6009FBE2D /* Frameworks */ = {
			isa = PBXFrameworksBuildPhase;
			buildActionMask = 2147483647;
			files = (
			);
			runOnlyForDeploymentPostprocessing = 0;
		};
/* End PBXFrameworksBuildPhase section */

/* Begin PBXGroup section */
		64BB64202A02A3D2009FBE2D = {
			isa = PBXGroup;
			children = (
				64BB64252A02A3D2009FBE2D /* Shared */,
				64BB64342A02A3D6009FBE2D /* macOS */,
				64BB642E2A02A3D6009FBE2D /* Products */,
			);
			sourceTree = "<group>";
		};
		64BB64252A02A3D2009FBE2D /* Shared */ = {
			isa = PBXGroup;
			children = (
				64BB64262A02A3D2009FBE2D /* __swift_tabviewApp.swift */,
				64BB64272A02A3D2009FBE2D /* ContentView.swift */,
				64BB64282A02A3D6009FBE2D /* Assets.xcassets */,
			);
			path = Shared;
			sourceTree = "<group>";
		};
		64BB642E2A02A3D6009FBE2D /* Products */ = {
			isa = PBXGroup;
			children = (
				64BB642D2A02A3D6009FBE2D /* 2-swift-tabview.app */,
				64BB64332A02A3D6009FBE2D /* 2-swift-tabview.app */,
			);
			name = Products;
			sourceTree = "<group>";
		};
		64BB64342A02A3D6009FBE2D /* macOS */ = {
			isa = PBXGroup;
			children = (
				64BB64352A02A3D6009FBE2D /* macOS.entitlements */,
			);
			path = macOS;
			sourceTree = "<group>";
		};
/* End PBXGroup section */

/* Begin PBXNativeTarget section */
		64BB642C2A02A3D6009FBE2D /* 2-swift-tabview (iOS) */ = {
			isa = PBXNativeTarget;
			buildConfigurationList = 64BB643E2A02A3D6009FBE2D /* Build configuration list for PBXNativeTarget "2-swift-tabview (iOS)" */;
			buildPhases = (
				64BB64292A02A3D6009FBE2D /* Sources */,
				64BB642A2A02A3D6009FBE2D /* Frameworks */,
				64BB642B2A02A3D6009FBE2D /* Resources */,
			);
			buildRules = (
			);
			dependencies = (
			);
			name = "2-swift-tabview (iOS)";
			productName = "2-swift-tabview (iOS)";
			productReference = 64BB642D2A02A3D6009FBE2D /* 2-swift-tabview.app */;
			productType = "com.apple.product-type.application";
		};
		64BB64322A02A3D6009FBE2D /* 2-swift-tabview (macOS) */ = {
			isa = PBXNativeTarget;
			buildConfigurationList = 64BB64412A02A3D6009FBE2D /* Build configuration list for PBXNativeTarget "2-swift-tabview (macOS)" */;
			buildPhases = (
				64BB642F2A02A3D6009FBE2D /* Sources */,
				64BB64302A02A3D6009FBE2D /* Frameworks */,
				64BB64312A02A3D6009FBE2D /* Resources */,
			);
			buildRules = (
			);
			dependencies = (
			);
			name = "2-swift-tabview (macOS)";
			productName = "2-swift-tabview (macOS)";
			productReference = 64BB64332A02A3D6009FBE2D /* 2-swift-tabview.app */;
			productType = "com.apple.product-type.application";
		};
/* End PBXNativeTarget section */

/* Begin PBXProject section */
		64BB64212A02A3D2009FBE2D /* Project object */ = {
			isa = PBXProject;
			attributes = {
				BuildIndependentTargetsInParallel = 1;
				LastSwiftUpdateCheck = 1340;
				LastUpgradeCheck = 1340;
				TargetAttributes = {
					64BB642C2A02A3D6009FBE2D = {
						CreatedOnToolsVersion = 13.4.1;
					};
					64BB64322A02A3D6009FBE2D = {
						CreatedOnToolsVersion = 13.4.1;
					};
				};
			};
			buildConfigurationList = 64BB64242A02A3D2009FBE2D /* Build configuration list for PBXProject "2-swift-tabview" */;
			compatibilityVersion = "Xcode 13.0";
			developmentRegion = en;
			hasScannedForEncodings = 0;
			knownRegions = (
				en,
				Base,
			);
			mainGroup = 64BB64202A02A3D2009FBE2D;
			productRefGroup = 64BB642E2A02A3D6009FBE2D /* Products */;
			projectDirPath = "";
			projectRoot = "";
			targets = (
				64BB642C2A02A3D6009FBE2D /* 2-swift-tabview (iOS) */,
				64BB64322A02A3D6009FBE2D /* 2-swift-tabview (macOS) */,
			);
		};
/* End PBXProject section */

/* Begin PBXResourcesBuildPhase section */
		64BB642B2A02A3D6009FBE2D /* Resources */ = {
			isa = PBXResourcesBuildPhase;
			buildActionMask = 2147483647;
			files = (
				64BB643A2A02A3D6009FBE2D /* Assets.xcassets in Resources */,
			);
			runOnlyForDeploymentPostprocessing = 0;
		};
		64BB64312A02A3D6009FBE2D /* Resources */ = {
			isa = PBXResourcesBuildPhase;
			buildActionMask = 2147483647;
			files = (
				64BB643B2A02A3D6009FBE2D /* Assets.xcassets in Resources */,
			);
			runOnlyForDeploymentPostprocessing = 0;
		};
/* End PBXResourcesBuildPhase section */

/* Begin PBXSourcesBuildPhase section */
		64BB64292A02A3D6009FBE2D /* Sources */ = {
			isa = PBXSourcesBuildPhase;
			buildActionMask = 2147483647;
			files = (
				64BB64382A02A3D6009FBE2D /* ContentView.swift in Sources */,
				64BB64362A02A3D6009FBE2D /* __swift_tabviewApp.swift in Sources */,
			);
			runOnlyForDeploymentPostprocessing = 0;
		};
		64BB642F2A02A3D6009FBE2D /* Sources */ = {
			isa = PBXSourcesBuildPhase;
			buildActionMask = 2147483647;
			files = (
				64BB64392A02A3D6009FBE2D /* ContentView.swift in Sources */,
				64BB64372A02A3D6009FBE2D /* __swift_tabviewApp.swift in Sources */,
			);
			runOnlyForDeploymentPostprocessing = 0;
		};
/* End PBXSourcesBuildPhase section */

/* Begin XCBuildConfiguration section */
		64BB643C2A02A3D6009FBE2D /* Debug */ = {
			isa = XCBuildConfiguration;
			buildSettings = {
				ALWAYS_SEARCH_USER_PATHS = NO;
				CLANG_ANALYZER_NONNULL = YES;
				CLANG_ANALYZER_NUMBER_OBJECT_CONVERSION = YES_AGGRESSIVE;
				CLANG_CXX_LANGUAGE_STANDARD = "gnu++17";
				CLANG_ENABLE_MODULES = YES;
				CLANG_ENABLE_OBJC_ARC = YES;
				CLANG_ENABLE_OBJC_WEAK = YES;
				CLANG_WARN_BLOCK_CAPTURE_AUTORELEASING = YES;
				CLANG_WARN_BOOL_CONVERSION = YES;
				CLANG_WARN_COMMA = YES;
				CLANG_WARN_CONSTANT_CONVERSION = YES;
				CLANG_WARN_DEPRECATED_OBJC_IMPLEMENTATIONS = YES;
				CLANG_WARN_DIRECT_OBJC_ISA_USAGE = YES_ERROR;
				CLANG_WARN_DOCUMENTATION_COMMENTS = YES;
				CLANG_WARN_EMPTY_BODY = YES;
				CLANG_WARN_ENUM_CONVERSION = YES;
				CLANG_WARN_INFINITE_RECURSION = YES;
				CLANG_WARN_INT_CONVERSION = YES;
				CLANG_WARN_NON_LITERAL_NULL_CONVERSION = YES;
				CLANG_WARN_OBJC_IMPLICIT_RETAIN_SELF = YES;
				CLANG_WARN_OBJC_LITERAL_CONVERSION = YES;
				CLANG_WARN_OBJC_ROOT_CLASS = YES_ERROR;
				CLANG_WARN_QUOTED_INCLUDE_IN_FRAMEWORK_HEADER = YES;
				CLANG_WARN_RANGE_LOOP_ANALYSIS = YES;
				CLANG_WARN_STRICT_PROTOTYPES = YES;
				CLANG_WARN_SUSPICIOUS_MOVE = YES;
				CLANG_WARN_UNGUARDED_AVAILABILITY = YES_AGGRESSIVE;
				CLANG_WARN_UNREACHABLE_CODE = YES;
				CLANG_WARN__DUPLICATE_METHOD_MATCH = YES;
				COPY_PHASE_STRIP = NO;
				DEBUG_INFORMATION_FORMAT = dwarf;
				ENABLE_STRICT_OBJC_MSGSEND = YES;
				ENABLE_TESTABILITY = YES;
				GCC_C_LANGUAGE_STANDARD = gnu11;
				GCC_DYNAMIC_NO_PIC = NO;
				GCC_NO_COMMON_BLOCKS = YES;
				GCC_OPTIMIZATION_LEVEL = 0;
				GCC_PREPROCESSOR_DEFINITIONS = (
					"DEBUG=1",
					"$(inherited)",
				);
				GCC_WARN_64_TO_32_BIT_CONVERSION = YES;
				GCC_WARN_ABOUT_RETURN_TYPE = YES_ERROR;
				GCC_WARN_UNDECLARED_SELECTOR = YES;
				GCC_WARN_UNINITIALIZED_AUTOS = YES_AGGRESSIVE;
				GCC_WARN_UNUSED_FUNCTION = YES;
				GCC_WARN_UNUSED_VARIABLE = YES;
				MTL_ENABLE_DEBUG_INFO = INCLUDE_SOURCE;
				MTL_FAST_MATH = YES;
				ONLY_ACTIVE_ARCH = YES;
				SWIFT_ACTIVE_COMPILATION_CONDITIONS = DEBUG;
				SWIFT_OPTIMIZATION_LEVEL = "-Onone";
			};
			name = Debug;
		};
		64BB643D2A02A3D6009FBE2D /* Release */ = {
			isa = XCBuildConfiguration;
			buildSettings = {
				ALWAYS_SEARCH_USER_PATHS = NO;
				CLANG_ANALYZER_NONNULL = YES;
				CLANG_ANALYZER_NUMBER_OBJECT_CONVERSION = YES_AGGRESSIVE;
				CLANG_CXX_LANGUAGE_STANDARD = "gnu++17";
				CLANG_ENABLE_MODULES = YES;
				CLANG_ENABLE_OBJC_ARC = YES;
				CLANG_ENABLE_OBJC_WEAK = YES;
				CLANG_WARN_BLOCK_CAPTURE_AUTORELEASING = YES;
				CLANG_WARN_BOOL_CONVERSION = YES;
				CLANG_WARN_COMMA = YES;
				CLANG_WARN_CONSTANT_CONVERSION = YES;
				CLANG_WARN_DEPRECATED_OBJC_IMPLEMENTATIONS = YES;
				CLANG_WARN_DIRECT_OBJC_ISA_USAGE = YES_ERROR;
				CLANG_WARN_DOCUMENTATION_COMMENTS = YES;
				CLANG_WARN_EMPTY_BODY = YES;
				CLANG_WARN_ENUM_CONVERSION = YES;
				CLANG_WARN_INFINITE_RECURSION = YES;
				CLANG_WARN_INT_CONVERSION = YES;
				CLANG_WARN_NON_LITERAL_NULL_CONVERSION = YES;
				CLANG_WARN_OBJC_IMPLICIT_RETAIN_SELF = YES;
				CLANG_WARN_OBJC_LITERAL_CONVERSION = YES;
				CLANG_WARN_OBJC_ROOT_CLASS = YES_ERROR;
				CLANG_WARN_QUOTED_INCLUDE_IN_FRAMEWORK_HEADER = YES;
				CLANG_WARN_RANGE_LOOP_ANALYSIS = YES;
				CLANG_WARN_STRICT_PROTOTYPES = YES;
				CLANG_WARN_SUSPICIOUS_MOVE = YES;
				CLANG_WARN_UNGUARDED_AVAILABILITY = YES_AGGRESSIVE;
				CLANG_WARN_UNREACHABLE_CODE = YES;
				CLANG_WARN__DUPLICATE_METHOD_MATCH = YES;
				COPY_PHASE_STRIP = NO;
				DEBUG_INFORMATION_FORMAT = "dwarf-with-dsym";
				ENABLE_NS_ASSERTIONS = NO;
				ENABLE_STRICT_OBJC_MSGSEND = YES;
				GCC_C_LANGUAGE_STANDARD = gnu11;
				GCC_NO_COMMON_BLOCKS = YES;
				GCC_WARN_64_TO_32_BIT_CONVERSION = YES;
				GCC_WARN_ABOUT_RETURN_TYPE = YES_ERROR;
				GCC_WARN_UNDECLARED_SELECTOR = YES;
				GCC_WARN_UNINITIALIZED_AUTOS = YES_AGGRESSIVE;
				GCC_WARN_UNUSED_FUNCTION = YES;
				GCC_WARN_UNUSED_VARIABLE = YES;
				MTL_ENABLE_DEBUG_INFO = NO;
				MTL_FAST_MATH = YES;
				SWIFT_COMPILATION_MODE = wholemodule;
				SWIFT_OPTIMIZATION_LEVEL = "-O";
			};
			name = Release;
		};
		64BB643F2A02A3D6009FBE2D /* Debug */ = {
			isa = XCBuildConfiguration;
			buildSettings = {
				ASSETCATALOG_COMPILER_APPICON_NAME = AppIcon;
				ASSETCATALOG_COMPILER_GLOBAL_ACCENT_COLOR_NAME = AccentColor;
				CODE_SIGN_STYLE = Automatic;
				CURRENT_PROJECT_VERSION = 1;
				ENABLE_PREVIEWS = YES;
				GENERATE_INFOPLIST_FILE = YES;
				INFOPLIST_KEY_UIApplicationSceneManifest_Generation = YES;
				INFOPLIST_KEY_UIApplicationSupportsIndirectInputEvents = YES;
				INFOPLIST_KEY_UILaunchScreen_Generation = YES;
				INFOPLIST_KEY_UISupportedInterfaceOrientations_iPad = "UIInterfaceOrientationPortrait UIInterfaceOrientationPortraitUpsideDown UIInterfaceOrientationLandscapeLeft UIInterfaceOrientationLandscapeRight";
				INFOPLIST_KEY_UISupportedInterfaceOrientations_iPhone = "UIInterfaceOrientationPortrait UIInterfaceOrientationLandscapeLeft UIInterfaceOrientationLandscapeRight";
				IPHONEOS_DEPLOYMENT_TARGET = 15.5;
				LD_RUNPATH_SEARCH_PATHS = (
					"$(inherited)",
					"@executable_path/Frameworks",
				);
				MARKETING_VERSION = 1.0;
				PRODUCT_BUNDLE_IDENTIFIER = "ai.cherrypick.--swift-tabview";
				PRODUCT_NAME = "2-swift-tabview";
				SDKROOT = iphoneos;
				SWIFT_EMIT_LOC_STRINGS = YES;
				SWIFT_VERSION = 5.0;
				TARGETED_DEVICE_FAMILY = "1,2";
			};
			name = Debug;
		};
		64BB64402A02A3D6009FBE2D /* Release */ = {
			isa = XCBuildConfiguration;
			buildSettings = {
				ASSETCATALOG_COMPILER_APPICON_NAME = AppIcon;
				ASSETCATALOG_COMPILER_GLOBAL_ACCENT_COLOR_NAME = AccentColor;
				CODE_SIGN_STYLE = Automatic;
				CURRENT_PROJECT_VERSION = 1;
				ENABLE_PREVIEWS = YES;
				GENERATE_INFOPLIST_FILE = YES;
				INFOPLIST_KEY_UIApplicationSceneManifest_Generation = YES;
				INFOPLIST_KEY_UIApplicationSupportsIndirectInputEvents = YES;
				INFOPLIST_KEY_UILaunchScreen_Generation = YES;
				INFOPLIST_KEY_UISupportedInterfaceOrientations_iPad = "UIInterfaceOrientationPortrait UIInterfaceOrientationPortraitUpsideDown UIInterfaceOrientationLandscapeLeft UIInterfaceOrientationLandscapeRight";
				INFOPLIST_KEY_UISupportedInterfaceOrientations_iPhone = "UIInterfaceOrientationPortrait UIInterfaceOrientationLandscapeLeft UIInterfaceOrientationLandscapeRight";
				IPHONEOS_DEPLOYMENT_TARGET = 15.5;
				LD_RUNPATH_SEARCH_PATHS = (
					"$(inherited)",
					"@executable_path/Frameworks",
				);
				MARKETING_VERSION = 1.0;
				PRODUCT_BUNDLE_IDENTIFIER = "ai.cherrypick.--swift-tabview";
				PRODUCT_NAME = "2-swift-tabview";
				SDKROOT = iphoneos;
				SWIFT_EMIT_LOC_STRINGS = YES;
				SWIFT_VERSION = 5.0;
				TARGETED_DEVICE_FAMILY = "1,2";
				VALIDATE_PRODUCT = YES;
			};
			name = Release;
		};
		64BB64422A02A3D6009FBE2D /* Debug */ = {
			isa = XCBuildConfiguration;
			buildSettings = {
				ASSETCATALOG_COMPILER_APPICON_NAME = AppIcon;
				ASSETCATALOG_COMPILER_GLOBAL_ACCENT_COLOR_NAME = AccentColor;
				CODE_SIGN_ENTITLEMENTS = macOS/macOS.entitlements;
				CODE_SIGN_STYLE = Automatic;
				COMBINE_HIDPI_IMAGES = YES;
				CURRENT_PROJECT_VERSION = 1;
				ENABLE_PREVIEWS = YES;
				GENERATE_INFOPLIST_FILE = YES;
				INFOPLIST_KEY_NSHumanReadableCopyright = "";
				LD_RUNPATH_SEARCH_PATHS = (
					"$(inherited)",
					"@executable_path/../Frameworks",
				);
				MACOSX_DEPLOYMENT_TARGET = 12.3;
				MARKETING_VERSION = 1.0;
				PRODUCT_BUNDLE_IDENTIFIER = "ai.cherrypick.--swift-tabview";
				PRODUCT_NAME = "2-swift-tabview";
				SDKROOT = macosx;
				SWIFT_EMIT_LOC_STRINGS = YES;
				SWIFT_VERSION = 5.0;
			};
			name = Debug;
		};
		64BB64432A02A3D6009FBE2D /* Release */ = {
			isa = XCBuildConfiguration;
			buildSettings = {
				ASSETCATALOG_COMPILER_APPICON_NAME = AppIcon;
				ASSETCATALOG_COMPILER_GLOBAL_ACCENT_COLOR_NAME = AccentColor;
				CODE_SIGN_ENTITLEMENTS = macOS/macOS.entitlements;
				CODE_SIGN_STYLE = Automatic;
				COMBINE_HIDPI_IMAGES = YES;
				CURRENT_PROJECT_VERSION = 1;
				ENABLE_PREVIEWS = YES;
				GENERATE_INFOPLIST_FILE = YES;
				INFOPLIST_KEY_NSHumanReadableCopyright = "";
				LD_RUNPATH_SEARCH_PATHS = (
					"$(inherited)",
					"@executable_path/../Frameworks",
				);
				MACOSX_DEPLOYMENT_TARGET = 12.3;
				MARKETING_VERSION = 1.0;
				PRODUCT_BUNDLE_IDENTIFIER = "ai.cherrypick.--swift-tabview";
				PRODUCT_NAME = "2-swift-tabview";
				SDKROOT = macosx;
				SWIFT_EMIT_LOC_STRINGS = YES;
				SWIFT_VERSION = 5.0;
			};
			name = Release;
		};
/* End XCBuildConfiguration section */

/* Begin XCConfigurationList section */
		64BB64242A02A3D2009FBE2D /* Build configuration list for PBXProject "2-swift-tabview" */ = {
			isa = XCConfigurationList;
			buildConfigurations = (
				64BB643C2A02A3D6009FBE2D /* Debug */,
				64BB643D2A02A3D6009FBE2D /* Release */,
			);
			defaultConfigurationIsVisible = 0;
			defaultConfigurationName = Release;
		};
		64BB643E2A02A3D6009FBE2D /* Build configuration list for PBXNativeTarget "2-swift-tabview (iOS)" */ = {
			isa = XCConfigurationList;
			buildConfigurations = (
				64BB643F2A02A3D6009FBE2D /* Debug */,
				64BB64402A02A3D6009FBE2D /* Release */,
			);
			defaultConfigurationIsVisible = 0;
			defaultConfigurationName = Release;
		};
		64BB64412A02A3D6009FBE2D /* Build configuration list for PBXNativeTarget "2-swift-tabview (macOS)" */ = {
			isa = XCConfigurationList;
			buildConfigurations = (
				64BB64422A02A3D6009FBE2D /* Debug */,
				64BB64432A02A3D6009FBE2D /* Release */,
			);
			defaultConfigurationIsVisible = 0;
			defaultConfigurationName = Release;
		};
/* End XCConfigurationList section */
	};
	rootObject = 64BB64212A02A3D2009FBE2D /* Project object */;
}
